
Microsoft Visual Studio Solution File, Format Version 12.00
# Visual Studio Version 17
VisualStudioVersion = 17.8.34316.72
MinimumVisualStudioVersion = 10.0.40219.1
Project("{FAE04EC0-301F-11D3-BF4B-00C04F79EFBC}") = "Masq Ball NPC Sim", "Masq Ball NPC Sim\Masq Ball NPC Sim.csproj", "{27E2522F-C1E8-475E-BB15-B85064A0EED7}"
EndProject
Global
	GlobalSection(SolutionConfigurationPlatforms) = preSolution
		Debug|Any CPU = Debug|Any CPU
		Release|Any CPU = Release|Any CPU
	EndGlobalSection
	GlobalSection(ProjectConfigurationPlatforms) = postSolution
		{27E2522F-C1E8-475E-BB15-B85064A0EED7}.Debug|Any CPU.ActiveCfg = Debug|Any CPU
		{27E2522F-C1E8-475E-BB15-B85064A0EED7}.Debug|Any CPU.Build.0 = Debug|Any CPU
		{27E2522F-C1E8-475E-BB15-B85064A0EED7}.Release|Any CPU.ActiveCfg = Release|Any CPU
		{27E2522F-C1E8-475E-BB15-B85064A0EED7}.Release|Any CPU.Build.0 = Release|Any CPU
	EndGlobalSection
	GlobalSection(SolutionProperties) = preSolution
		HideSolutionNode = FALSE
	EndGlobalSection
	GlobalSection(ExtensibilityGlobals) = postSolution
		SolutionGuid = {B282B917-D9C3-43D3-B683-F70D787B6C9F}
	EndGlobalSection
EndGlobal
